
Microsoft Visual Studio Solution File, Format Version 12.00
# Visual Studio Version 17
VisualStudioVersion = 17.5.002.0
MinimumVisualStudioVersion = 10.0.40219.1
Project("{9A19103F-16F7-4668-BE54-9A1E7A4F7556}") = "WebPad", "WebPad.csproj", "{AC1A4038-3F98-4794-AEE1-7022F24A445D}"
EndProject
Global
	GlobalSection(SolutionConfigurationPlatforms) = preSolution
		Debug|Any CPU = Debug|Any CPU
		Release|Any CPU = Release|Any CPU
	EndGlobalSection
	GlobalSection(ProjectConfigurationPlatforms) = postSolution
		{AC1A4038-3F98-4794-AEE1-7022F24A445D}.Debug|Any CPU.ActiveCfg = Debug|Any CPU
		{AC1A4038-3F98-4794-AEE1-7022F24A445D}.Debug|Any CPU.Build.0 = Debug|Any CPU
		{AC1A4038-3F98-4794-AEE1-7022F24A445D}.Release|Any CPU.ActiveCfg = Release|Any CPU
		{AC1A4038-3F98-4794-AEE1-7022F24A445D}.Release|Any CPU.Build.0 = Release|Any CPU
	EndGlobalSection
	GlobalSection(SolutionProperties) = preSolution
		HideSolutionNode = FALSE
	EndGlobalSection
	GlobalSection(ExtensibilityGlobals) = postSolution
		SolutionGuid = {D15E605F-302B-4712-A4FF-A3B4037C0026}
	EndGlobalSection
EndGlobal
